
Microsoft Visual Studio Solution File, Format Version 12.00
# Visual Studio 2013
VisualStudioVersion = 12.0.31101.0
MinimumVisualStudioVersion = 10.0.40219.1
Project("{FAE04EC0-301F-11D3-BF4B-00C04F79EFBC}") = "AppTest", "AppTest\AppTest\AppTest.csproj", "{ACA390BA-22FC-4182-B4B4-0BCB4167468A}"
EndProject
Project("{FAE04EC0-301F-11D3-BF4B-00C04F79EFBC}") = "AppTest.iOS", "AppTest\AppTest.iOS\AppTest.iOS.csproj", "{B5E0C44E-17C2-45D7-8581-1EE76620D6C4}"
EndProject
Project("{FAE04EC0-301F-11D3-BF4B-00C04F79EFBC}") = "AppTest.Droid", "AppTest\AppTest.Droid\AppTest.Droid.csproj", "{BE1B5BCD-A92E-4C22-B111-762F85955214}"
EndProject
Project("{FAE04EC0-301F-11D3-BF4B-00C04F79EFBC}") = "AppTest.WinPhone", "AppTest\AppTest.WinPhone\AppTest.WinPhone.csproj", "{86F25F57-3714-47C9-A5D4-27F2D3AEA0A6}"
EndProject
Project("{2150E333-8FDC-42A3-9474-1A3956D46DE8}") = ".nuget", ".nuget", "{3650F7A5-CD86-4754-AD70-EC67C0F812A4}"
	ProjectSection(SolutionItems) = preProject
		.nuget\NuGet.Config = .nuget\NuGet.Config
		.nuget\NuGet.exe = .nuget\NuGet.exe
		.nuget\NuGet.targets = .nuget\NuGet.targets
	EndProjectSection
EndProject
Global
	GlobalSection(SolutionConfigurationPlatforms) = preSolution
		Ad-Hoc|Any CPU = Ad-Hoc|Any CPU
		Ad-Hoc|ARM = Ad-Hoc|ARM
		Ad-Hoc|iPhone = Ad-Hoc|iPhone
		Ad-Hoc|iPhoneSimulator = Ad-Hoc|iPhoneSimulator
		Ad-Hoc|Mixed Platforms = Ad-Hoc|Mixed Platforms
		Ad-Hoc|x86 = Ad-Hoc|x86
		AppStore|Any CPU = AppStore|Any CPU
		AppStore|ARM = AppStore|ARM
		AppStore|iPhone = AppStore|iPhone
		AppStore|iPhoneSimulator = AppStore|iPhoneSimulator
		AppStore|Mixed Platforms = AppStore|Mixed Platforms
		AppStore|x86 = AppStore|x86
		Debug|Any CPU = Debug|Any CPU
		Debug|ARM = Debug|ARM
		Debug|iPhone = Debug|iPhone
		Debug|iPhoneSimulator = Debug|iPhoneSimulator
		Debug|Mixed Platforms = Debug|Mixed Platforms
		Debug|x86 = Debug|x86
		Release|Any CPU = Release|Any CPU
		Release|ARM = Release|ARM
		Release|iPhone = Release|iPhone
		Release|iPhoneSimulator = Release|iPhoneSimulator
		Release|Mixed Platforms = Release|Mixed Platforms
		Release|x86 = Release|x86
	EndGlobalSection
	GlobalSection(ProjectConfigurationPlatforms) = postSolution
		{ACA390BA-22FC-4182-B4B4-0BCB4167468A}.Ad-Hoc|Any CPU.ActiveCfg = Release|Any CPU
		{ACA390BA-22FC-4182-B4B4-0BCB4167468A}.Ad-Hoc|Any CPU.Build.0 = Release|Any CPU
		{ACA390BA-22FC-4182-B4B4-0BCB4167468A}.Ad-Hoc|ARM.ActiveCfg = Release|Any CPU
		{ACA390BA-22FC-4182-B4B4-0BCB4167468A}.Ad-Hoc|iPhone.ActiveCfg = Release|Any CPU
		{ACA390BA-22FC-4182-B4B4-0BCB4167468A}.Ad-Hoc|iPhoneSimulator.ActiveCfg = Release|Any CPU
		{ACA390BA-22FC-4182-B4B4-0BCB4167468A}.Ad-Hoc|Mixed Platforms.ActiveCfg = Release|Any CPU
		{ACA390BA-22FC-4182-B4B4-0BCB4167468A}.Ad-Hoc|Mixed Platforms.Build.0 = Release|Any CPU
		{ACA390BA-22FC-4182-B4B4-0BCB4167468A}.Ad-Hoc|x86.ActiveCfg = Release|Any CPU
		{ACA390BA-22FC-4182-B4B4-0BCB4167468A}.AppStore|Any CPU.ActiveCfg = Release|Any CPU
		{ACA390BA-22FC-4182-B4B4-0BCB4167468A}.AppStore|Any CPU.Build.0 = Release|Any CPU
		{ACA390BA-22FC-4182-B4B4-0BCB4167468A}.AppStore|ARM.ActiveCfg = Release|Any CPU
		{ACA390BA-22FC-4182-B4B4-0BCB4167468A}.AppStore|iPhone.ActiveCfg = Release|Any CPU
		{ACA390BA-22FC-4182-B4B4-0BCB4167468A}.AppStore|iPhoneSimulator.ActiveCfg = Release|Any CPU
		{ACA390BA-22FC-4182-B4B4-0BCB4167468A}.AppStore|Mixed Platforms.ActiveCfg = Release|Any CPU
		{ACA390BA-22FC-4182-B4B4-0BCB4167468A}.AppStore|Mixed Platforms.Build.0 = Release|Any CPU
		{ACA390BA-22FC-4182-B4B4-0BCB4167468A}.AppStore|x86.ActiveCfg = Release|Any CPU
		{ACA390BA-22FC-4182-B4B4-0BCB4167468A}.Debug|Any CPU.ActiveCfg = Debug|Any CPU
		{ACA390BA-22FC-4182-B4B4-0BCB4167468A}.Debug|Any CPU.Build.0 = Debug|Any CPU
		{ACA390BA-22FC-4182-B4B4-0BCB4167468A}.Debug|ARM.ActiveCfg = Debug|Any CPU
		{ACA390BA-22FC-4182-B4B4-0BCB4167468A}.Debug|iPhone.ActiveCfg = Debug|Any CPU
		{ACA390BA-22FC-4182-B4B4-0BCB4167468A}.Debug|iPhoneSimulator.ActiveCfg = Debug|Any CPU
		{ACA390BA-22FC-4182-B4B4-0BCB4167468A}.Debug|Mixed Platforms.ActiveCfg = Debug|Any CPU
		{ACA390BA-22FC-4182-B4B4-0BCB4167468A}.Debug|Mixed Platforms.Build.0 = Debug|Any CPU
		{ACA390BA-22FC-4182-B4B4-0BCB4167468A}.Debug|x86.ActiveCfg = Debug|Any CPU
		{ACA390BA-22FC-4182-B4B4-0BCB4167468A}.Release|Any CPU.ActiveCfg = Release|Any CPU
		{ACA390BA-22FC-4182-B4B4-0BCB4167468A}.Release|Any CPU.Build.0 = Release|Any CPU
		{ACA390BA-22FC-4182-B4B4-0BCB4167468A}.Release|ARM.ActiveCfg = Release|Any CPU
		{ACA390BA-22FC-4182-B4B4-0BCB4167468A}.Release|iPhone.ActiveCfg = Release|Any CPU
		{ACA390BA-22FC-4182-B4B4-0BCB4167468A}.Release|iPhoneSimulator.ActiveCfg = Release|Any CPU
		{ACA390BA-22FC-4182-B4B4-0BCB4167468A}.Release|Mixed Platforms.ActiveCfg = Release|Any CPU
		{ACA390BA-22FC-4182-B4B4-0BCB4167468A}.Release|Mixed Platforms.Build.0 = Release|Any CPU
		{ACA390BA-22FC-4182-B4B4-0BCB4167468A}.Release|x86.ActiveCfg = Release|Any CPU
		{B5E0C44E-17C2-45D7-8581-1EE76620D6C4}.Ad-Hoc|Any CPU.ActiveCfg = Ad-Hoc|iPhone
		{B5E0C44E-17C2-45D7-8581-1EE76620D6C4}.Ad-Hoc|ARM.ActiveCfg = Ad-Hoc|iPhone
		{B5E0C44E-17C2-45D7-8581-1EE76620D6C4}.Ad-Hoc|iPhone.ActiveCfg = Ad-Hoc|iPhone
		{B5E0C44E-17C2-45D7-8581-1EE76620D6C4}.Ad-Hoc|iPhone.Build.0 = Ad-Hoc|iPhone
		{B5E0C44E-17C2-45D7-8581-1EE76620D6C4}.Ad-Hoc|iPhoneSimulator.ActiveCfg = Ad-Hoc|iPhoneSimulator
		{B5E0C44E-17C2-45D7-8581-1EE76620D6C4}.Ad-Hoc|iPhoneSimulator.Build.0 = Ad-Hoc|iPhoneSimulator
		{B5E0C44E-17C2-45D7-8581-1EE76620D6C4}.Ad-Hoc|Mixed Platforms.ActiveCfg = Ad-Hoc|iPhone
		{B5E0C44E-17C2-45D7-8581-1EE76620D6C4}.Ad-Hoc|Mixed Platforms.Build.0 = Ad-Hoc|iPhone
		{B5E0C44E-17C2-45D7-8581-1EE76620D6C4}.Ad-Hoc|x86.ActiveCfg = Ad-Hoc|iPhone
		{B5E0C44E-17C2-45D7-8581-1EE76620D6C4}.AppStore|Any CPU.ActiveCfg = AppStore|iPhone
		{B5E0C44E-17C2-45D7-8581-1EE76620D6C4}.AppStore|ARM.ActiveCfg = AppStore|iPhone
		{B5E0C44E-17C2-45D7-8581-1EE76620D6C4}.AppStore|iPhone.ActiveCfg = AppStore|iPhone
		{B5E0C44E-17C2-45D7-8581-1EE76620D6C4}.AppStore|iPhone.Build.0 = AppStore|iPhone
		{B5E0C44E-17C2-45D7-8581-1EE76620D6C4}.AppStore|iPhoneSimulator.ActiveCfg = AppStore|iPhoneSimulator
		{B5E0C44E-17C2-45D7-8581-1EE76620D6C4}.AppStore|iPhoneSimulator.Build.0 = AppStore|iPhoneSimulator
		{B5E0C44E-17C2-45D7-8581-1EE76620D6C4}.AppStore|Mixed Platforms.ActiveCfg = AppStore|iPhone
		{B5E0C44E-17C2-45D7-8581-1EE76620D6C4}.AppStore|Mixed Platforms.Build.0 = AppStore|iPhone
		{B5E0C44E-17C2-45D7-8581-1EE76620D6C4}.AppStore|x86.ActiveCfg = AppStore|iPhone
		{B5E0C44E-17C2-45D7-8581-1EE76620D6C4}.Debug|Any CPU.ActiveCfg = Debug|iPhone
		{B5E0C44E-17C2-45D7-8581-1EE76620D6C4}.Debug|ARM.ActiveCfg = Debug|iPhone
		{B5E0C44E-17C2-45D7-8581-1EE76620D6C4}.Debug|iPhone.ActiveCfg = Debug|iPhone
		{B5E0C44E-17C2-45D7-8581-1EE76620D6C4}.Debug|iPhone.Build.0 = Debug|iPhone
		{B5E0C44E-17C2-45D7-8581-1EE76620D6C4}.Debug|iPhoneSimulator.ActiveCfg = Debug|iPhoneSimulator
		{B5E0C44E-17C2-45D7-8581-1EE76620D6C4}.Debug|iPhoneSimulator.Build.0 = Debug|iPhoneSimulator
		{B5E0C44E-17C2-45D7-8581-1EE76620D6C4}.Debug|Mixed Platforms.ActiveCfg = Debug|iPhone
		{B5E0C44E-17C2-45D7-8581-1EE76620D6C4}.Debug|Mixed Platforms.Build.0 = Debug|iPhone
		{B5E0C44E-17C2-45D7-8581-1EE76620D6C4}.Debug|x86.ActiveCfg = Debug|iPhone
		{B5E0C44E-17C2-45D7-8581-1EE76620D6C4}.Release|Any CPU.ActiveCfg = Release|iPhone
		{B5E0C44E-17C2-45D7-8581-1EE76620D6C4}.Release|ARM.ActiveCfg = Release|iPhone
		{B5E0C44E-17C2-45D7-8581-1EE76620D6C4}.Release|iPhone.ActiveCfg = Release|iPhone
		{B5E0C44E-17C2-45D7-8581-1EE76620D6C4}.Release|iPhone.Build.0 = Release|iPhone
		{B5E0C44E-17C2-45D7-8581-1EE76620D6C4}.Release|iPhoneSimulator.ActiveCfg = Release|iPhoneSimulator
		{B5E0C44E-17C2-45D7-8581-1EE76620D6C4}.Release|iPhoneSimulator.Build.0 = Release|iPhoneSimulator
		{B5E0C44E-17C2-45D7-8581-1EE76620D6C4}.Release|Mixed Platforms.ActiveCfg = Release|iPhone
		{B5E0C44E-17C2-45D7-8581-1EE76620D6C4}.Release|Mixed Platforms.Build.0 = Release|iPhone
		{B5E0C44E-17C2-45D7-8581-1EE76620D6C4}.Release|x86.ActiveCfg = Release|iPhone
		{BE1B5BCD-A92E-4C22-B111-762F85955214}.Ad-Hoc|Any CPU.ActiveCfg = Release|Any CPU
		{BE1B5BCD-A92E-4C22-B111-762F85955214}.Ad-Hoc|Any CPU.Build.0 = Release|Any CPU
		{BE1B5BCD-A92E-4C22-B111-762F85955214}.Ad-Hoc|Any CPU.Deploy.0 = Release|Any CPU
		{BE1B5BCD-A92E-4C22-B111-762F85955214}.Ad-Hoc|ARM.ActiveCfg = Release|Any CPU
		{BE1B5BCD-A92E-4C22-B111-762F85955214}.Ad-Hoc|iPhone.ActiveCfg = Release|Any CPU
		{BE1B5BCD-A92E-4C22-B111-762F85955214}.Ad-Hoc|iPhoneSimulator.ActiveCfg = Release|Any CPU
		{BE1B5BCD-A92E-4C22-B111-762F85955214}.Ad-Hoc|Mixed Platforms.ActiveCfg = Release|Any CPU
		{BE1B5BCD-A92E-4C22-B111-762F85955214}.Ad-Hoc|Mixed Platforms.Build.0 = Release|Any CPU
		{BE1B5BCD-A92E-4C22-B111-762F85955214}.Ad-Hoc|Mixed Platforms.Deploy.0 = Release|Any CPU
		{BE1B5BCD-A92E-4C22-B111-762F85955214}.Ad-Hoc|x86.ActiveCfg = Release|Any CPU
		{BE1B5BCD-A92E-4C22-B111-762F85955214}.AppStore|Any CPU.ActiveCfg = Release|Any CPU
		{BE1B5BCD-A92E-4C22-B111-762F85955214}.AppStore|Any CPU.Build.0 = Release|Any CPU
		{BE1B5BCD-A92E-4C22-B111-762F85955214}.AppStore|Any CPU.Deploy.0 = Release|Any CPU
		{BE1B5BCD-A92E-4C22-B111-762F85955214}.AppStore|ARM.ActiveCfg = Release|Any CPU
		{BE1B5BCD-A92E-4C22-B111-762F85955214}.AppStore|iPhone.ActiveCfg = Release|Any CPU
		{BE1B5BCD-A92E-4C22-B111-762F85955214}.AppStore|iPhoneSimulator.ActiveCfg = Release|Any CPU
		{BE1B5BCD-A92E-4C22-B111-762F85955214}.AppStore|Mixed Platforms.ActiveCfg = Release|Any CPU
		{BE1B5BCD-A92E-4C22-B111-762F85955214}.AppStore|Mixed Platforms.Build.0 = Release|Any CPU
		{BE1B5BCD-A92E-4C22-B111-762F85955214}.AppStore|Mixed Platforms.Deploy.0 = Release|Any CPU
		{BE1B5BCD-A92E-4C22-B111-762F85955214}.AppStore|x86.ActiveCfg = Release|Any CPU
		{BE1B5BCD-A92E-4C22-B111-762F85955214}.Debug|Any CPU.ActiveCfg = Debug|Any CPU
		{BE1B5BCD-A92E-4C22-B111-762F85955214}.Debug|Any CPU.Build.0 = Debug|Any CPU
		{BE1B5BCD-A92E-4C22-B111-762F85955214}.Debug|Any CPU.Deploy.0 = Debug|Any CPU
		{BE1B5BCD-A92E-4C22-B111-762F85955214}.Debug|ARM.ActiveCfg = Debug|Any CPU
		{BE1B5BCD-A92E-4C22-B111-762F85955214}.Debug|iPhone.ActiveCfg = Debug|Any CPU
		{BE1B5BCD-A92E-4C22-B111-762F85955214}.Debug|iPhoneSimulator.ActiveCfg = Debug|Any CPU
		{BE1B5BCD-A92E-4C22-B111-762F85955214}.Debug|Mixed Platforms.ActiveCfg = Debug|Any CPU
		{BE1B5BCD-A92E-4C22-B111-762F85955214}.Debug|Mixed Platforms.Build.0 = Debug|Any CPU
		{BE1B5BCD-A92E-4C22-B111-762F85955214}.Debug|Mixed Platforms.Deploy.0 = Debug|Any CPU
		{BE1B5BCD-A92E-4C22-B111-762F85955214}.Debug|x86.ActiveCfg = Debug|Any CPU
		{BE1B5BCD-A92E-4C22-B111-762F85955214}.Release|Any CPU.ActiveCfg = Release|Any CPU
		{BE1B5BCD-A92E-4C22-B111-762F85955214}.Release|Any CPU.Build.0 = Release|Any CPU
		{BE1B5BCD-A92E-4C22-B111-762F85955214}.Release|Any CPU.Deploy.0 = Release|Any CPU
		{BE1B5BCD-A92E-4C22-B111-762F85955214}.Release|ARM.ActiveCfg = Release|Any CPU
		{BE1B5BCD-A92E-4C22-B111-762F85955214}.Release|iPhone.ActiveCfg = Release|Any CPU
		{BE1B5BCD-A92E-4C22-B111-762F85955214}.Release|iPhoneSimulator.ActiveCfg = Release|Any CPU
		{BE1B5BCD-A92E-4C22-B111-762F85955214}.Release|Mixed Platforms.ActiveCfg = Release|Any CPU
		{BE1B5BCD-A92E-4C22-B111-762F85955214}.Release|Mixed Platforms.Build.0 = Release|Any CPU
		{BE1B5BCD-A92E-4C22-B111-762F85955214}.Release|Mixed Platforms.Deploy.0 = Release|Any CPU
		{BE1B5BCD-A92E-4C22-B111-762F85955214}.Release|x86.ActiveCfg = Release|Any CPU
		{86F25F57-3714-47C9-A5D4-27F2D3AEA0A6}.Ad-Hoc|Any CPU.ActiveCfg = Release|Any CPU
		{86F25F57-3714-47C9-A5D4-27F2D3AEA0A6}.Ad-Hoc|Any CPU.Build.0 = Release|Any CPU
		{86F25F57-3714-47C9-A5D4-27F2D3AEA0A6}.Ad-Hoc|Any CPU.Deploy.0 = Release|Any CPU
		{86F25F57-3714-47C9-A5D4-27F2D3AEA0A6}.Ad-Hoc|ARM.ActiveCfg = Release|ARM
		{86F25F57-3714-47C9-A5D4-27F2D3AEA0A6}.Ad-Hoc|ARM.Build.0 = Release|ARM
		{86F25F57-3714-47C9-A5D4-27F2D3AEA0A6}.Ad-Hoc|ARM.Deploy.0 = Release|ARM
		{86F25F57-3714-47C9-A5D4-27F2D3AEA0A6}.Ad-Hoc|iPhone.ActiveCfg = Release|Any CPU
		{86F25F57-3714-47C9-A5D4-27F2D3AEA0A6}.Ad-Hoc|iPhoneSimulator.ActiveCfg = Release|Any CPU
		{86F25F57-3714-47C9-A5D4-27F2D3AEA0A6}.Ad-Hoc|Mixed Platforms.ActiveCfg = Release|x86
		{86F25F57-3714-47C9-A5D4-27F2D3AEA0A6}.Ad-Hoc|Mixed Platforms.Build.0 = Release|x86
		{86F25F57-3714-47C9-A5D4-27F2D3AEA0A6}.Ad-Hoc|Mixed Platforms.Deploy.0 = Release|x86
		{86F25F57-3714-47C9-A5D4-27F2D3AEA0A6}.Ad-Hoc|x86.ActiveCfg = Release|x86
		{86F25F57-3714-47C9-A5D4-27F2D3AEA0A6}.Ad-Hoc|x86.Build.0 = Release|x86
		{86F25F57-3714-47C9-A5D4-27F2D3AEA0A6}.Ad-Hoc|x86.Deploy.0 = Release|x86
		{86F25F57-3714-47C9-A5D4-27F2D3AEA0A6}.AppStore|Any CPU.ActiveCfg = Release|Any CPU
		{86F25F57-3714-47C9-A5D4-27F2D3AEA0A6}.AppStore|Any CPU.Build.0 = Release|Any CPU
		{86F25F57-3714-47C9-A5D4-27F2D3AEA0A6}.AppStore|Any CPU.Deploy.0 = Release|Any CPU
		{86F25F57-3714-47C9-A5D4-27F2D3AEA0A6}.AppStore|ARM.ActiveCfg = Release|ARM
		{86F25F57-3714-47C9-A5D4-27F2D3AEA0A6}.AppStore|ARM.Build.0 = Release|ARM
		{86F25F57-3714-47C9-A5D4-27F2D3AEA0A6}.AppStore|ARM.Deploy.0 = Release|ARM
		{86F25F57-3714-47C9-A5D4-27F2D3AEA0A6}.AppStore|iPhone.ActiveCfg = Release|Any CPU
		{86F25F57-3714-47C9-A5D4-27F2D3AEA0A6}.AppStore|iPhoneSimulator.ActiveCfg = Release|Any CPU
		{86F25F57-3714-47C9-A5D4-27F2D3AEA0A6}.AppStore|Mixed Platforms.ActiveCfg = Release|x86
		{86F25F57-3714-47C9-A5D4-27F2D3AEA0A6}.AppStore|Mixed Platforms.Build.0 = Release|x86
		{86F25F57-3714-47C9-A5D4-27F2D3AEA0A6}.AppStore|Mixed Platforms.Deploy.0 = Release|x86
		{86F25F57-3714-47C9-A5D4-27F2D3AEA0A6}.AppStore|x86.ActiveCfg = Release|x86
		{86F25F57-3714-47C9-A5D4-27F2D3AEA0A6}.AppStore|x86.Build.0 = Release|x86
		{86F25F57-3714-47C9-A5D4-27F2D3AEA0A6}.AppStore|x86.Deploy.0 = Release|x86
		{86F25F57-3714-47C9-A5D4-27F2D3AEA0A6}.Debug|Any CPU.ActiveCfg = Debug|Any CPU
		{86F25F57-3714-47C9-A5D4-27F2D3AEA0A6}.Debug|Any CPU.Build.0 = Debug|Any CPU
		{86F25F57-3714-47C9-A5D4-27F2D3AEA0A6}.Debug|Any CPU.Deploy.0 = Debug|Any CPU
		{86F25F57-3714-47C9-A5D4-27F2D3AEA0A6}.Debug|ARM.ActiveCfg = Debug|ARM
		{86F25F57-3714-47C9-A5D4-27F2D3AEA0A6}.Debug|ARM.Build.0 = Debug|ARM
		{86F25F57-3714-47C9-A5D4-27F2D3AEA0A6}.Debug|ARM.Deploy.0 = Debug|ARM
		{86F25F57-3714-47C9-A5D4-27F2D3AEA0A6}.Debug|iPhone.ActiveCfg = Debug|Any CPU
		{86F25F57-3714-47C9-A5D4-27F2D3AEA0A6}.Debug|iPhoneSimulator.ActiveCfg = Debug|Any CPU
		{86F25F57-3714-47C9-A5D4-27F2D3AEA0A6}.Debug|Mixed Platforms.ActiveCfg = Debug|x86
		{86F25F57-3714-47C9-A5D4-27F2D3AEA0A6}.Debug|Mixed Platforms.Build.0 = Debug|x86
		{86F25F57-3714-47C9-A5D4-27F2D3AEA0A6}.Debug|Mixed Platforms.Deploy.0 = Debug|x86
		{86F25F57-3714-47C9-A5D4-27F2D3AEA0A6}.Debug|x86.ActiveCfg = Debug|x86
		{86F25F57-3714-47C9-A5D4-27F2D3AEA0A6}.Debug|x86.Build.0 = Debug|x86
		{86F25F57-3714-47C9-A5D4-27F2D3AEA0A6}.Debug|x86.Deploy.0 = Debug|x86
		{86F25F57-3714-47C9-A5D4-27F2D3AEA0A6}.Release|Any CPU.ActiveCfg = Release|Any CPU
		{86F25F57-3714-47C9-A5D4-27F2D3AEA0A6}.Release|Any CPU.Build.0 = Release|Any CPU
		{86F25F57-3714-47C9-A5D4-27F2D3AEA0A6}.Release|Any CPU.Deploy.0 = Release|Any CPU
		{86F25F57-3714-47C9-A5D4-27F2D3AEA0A6}.Release|ARM.ActiveCfg = Release|ARM
		{86F25F57-3714-47C9-A5D4-27F2D3AEA0A6}.Release|ARM.Build.0 = Release|ARM
		{86F25F57-3714-47C9-A5D4-27F2D3AEA0A6}.Release|ARM.Deploy.0 = Release|ARM
		{86F25F57-3714-47C9-A5D4-27F2D3AEA0A6}.Release|iPhone.ActiveCfg = Release|Any CPU
		{86F25F57-3714-47C9-A5D4-27F2D3AEA0A6}.Release|iPhoneSimulator.ActiveCfg = Release|Any CPU
		{86F25F57-3714-47C9-A5D4-27F2D3AEA0A6}.Release|Mixed Platforms.ActiveCfg = Release|x86
		{86F25F57-3714-47C9-A5D4-27F2D3AEA0A6}.Release|Mixed Platforms.Build.0 = Release|x86
		{86F25F57-3714-47C9-A5D4-27F2D3AEA0A6}.Release|Mixed Platforms.Deploy.0 = Release|x86
		{86F25F57-3714-47C9-A5D4-27F2D3AEA0A6}.Release|x86.ActiveCfg = Release|x86
		{86F25F57-3714-47C9-A5D4-27F2D3AEA0A6}.Release|x86.Build.0 = Release|x86
		{86F25F57-3714-47C9-A5D4-27F2D3AEA0A6}.Release|x86.Deploy.0 = Release|x86
	EndGlobalSection
	GlobalSection(SolutionProperties) = preSolution
		HideSolutionNode = FALSE
	EndGlobalSection
EndGlobal
