
Microsoft Visual Studio Solution File, Format Version 12.00
# Visual Studio 2012
Project("{FAE04EC0-301F-11D3-BF4B-00C04F79EFBC}") = "TestApp", "TestApp\TestApp.csproj", "{C1EFD10E-1714-4750-A19B-936D6473BE2A}"
EndProject
Project("{FAE04EC0-301F-11D3-BF4B-00C04F79EFBC}") = "TestApp.iOS", "iOS\TestApp.iOS.csproj", "{22FE4398-CBF4-4474-8711-9296D7551915}"
EndProject
Project("{FAE04EC0-301F-11D3-BF4B-00C04F79EFBC}") = "TestApp.Droid", "Droid\TestApp.Droid.csproj", "{D11FCE97-2C5C-4C22-90AD-810B2B3FEDAE}"
EndProject
Global
	GlobalSection(SolutionConfigurationPlatforms) = preSolution
		Debug|Any CPU = Debug|Any CPU
		Release|Any CPU = Release|Any CPU
		Debug|iPhoneSimulator = Debug|iPhoneSimulator
		Release|iPhoneSimulator = Release|iPhoneSimulator
		Debug|iPhone = Debug|iPhone
		Release|iPhone = Release|iPhone
		Ad-Hoc|iPhone = Ad-Hoc|iPhone
		AppStore|iPhone = AppStore|iPhone
	EndGlobalSection
	GlobalSection(ProjectConfigurationPlatforms) = postSolution
		{22FE4398-CBF4-4474-8711-9296D7551915}.Ad-Hoc|iPhone.ActiveCfg = Ad-Hoc|iPhone
		{22FE4398-CBF4-4474-8711-9296D7551915}.Ad-Hoc|iPhone.Build.0 = Ad-Hoc|iPhone
		{22FE4398-CBF4-4474-8711-9296D7551915}.AppStore|iPhone.ActiveCfg = AppStore|iPhone
		{22FE4398-CBF4-4474-8711-9296D7551915}.AppStore|iPhone.Build.0 = AppStore|iPhone
		{22FE4398-CBF4-4474-8711-9296D7551915}.Debug|Any CPU.ActiveCfg = Debug|iPhoneSimulator
		{22FE4398-CBF4-4474-8711-9296D7551915}.Debug|Any CPU.Build.0 = Debug|iPhoneSimulator
		{22FE4398-CBF4-4474-8711-9296D7551915}.Debug|iPhone.ActiveCfg = Debug|iPhone
		{22FE4398-CBF4-4474-8711-9296D7551915}.Debug|iPhone.Build.0 = Debug|iPhone
		{22FE4398-CBF4-4474-8711-9296D7551915}.Debug|iPhoneSimulator.ActiveCfg = Debug|iPhoneSimulator
		{22FE4398-CBF4-4474-8711-9296D7551915}.Debug|iPhoneSimulator.Build.0 = Debug|iPhoneSimulator
		{22FE4398-CBF4-4474-8711-9296D7551915}.Release|Any CPU.ActiveCfg = Release|iPhoneSimulator
		{22FE4398-CBF4-4474-8711-9296D7551915}.Release|Any CPU.Build.0 = Release|iPhoneSimulator
		{22FE4398-CBF4-4474-8711-9296D7551915}.Release|iPhone.ActiveCfg = Release|iPhone
		{22FE4398-CBF4-4474-8711-9296D7551915}.Release|iPhone.Build.0 = Release|iPhone
		{22FE4398-CBF4-4474-8711-9296D7551915}.Release|iPhoneSimulator.ActiveCfg = Release|iPhoneSimulator
		{22FE4398-CBF4-4474-8711-9296D7551915}.Release|iPhoneSimulator.Build.0 = Release|iPhoneSimulator
		{C1EFD10E-1714-4750-A19B-936D6473BE2A}.Ad-Hoc|iPhone.ActiveCfg = Debug|Any CPU
		{C1EFD10E-1714-4750-A19B-936D6473BE2A}.Ad-Hoc|iPhone.Build.0 = Debug|Any CPU
		{C1EFD10E-1714-4750-A19B-936D6473BE2A}.AppStore|iPhone.ActiveCfg = Debug|Any CPU
		{C1EFD10E-1714-4750-A19B-936D6473BE2A}.AppStore|iPhone.Build.0 = Debug|Any CPU
		{C1EFD10E-1714-4750-A19B-936D6473BE2A}.Debug|Any CPU.ActiveCfg = Debug|Any CPU
		{C1EFD10E-1714-4750-A19B-936D6473BE2A}.Debug|Any CPU.Build.0 = Debug|Any CPU
		{C1EFD10E-1714-4750-A19B-936D6473BE2A}.Debug|iPhone.ActiveCfg = Debug|Any CPU
		{C1EFD10E-1714-4750-A19B-936D6473BE2A}.Debug|iPhone.Build.0 = Debug|Any CPU
		{C1EFD10E-1714-4750-A19B-936D6473BE2A}.Debug|iPhoneSimulator.ActiveCfg = Debug|Any CPU
		{C1EFD10E-1714-4750-A19B-936D6473BE2A}.Debug|iPhoneSimulator.Build.0 = Debug|Any CPU
		{C1EFD10E-1714-4750-A19B-936D6473BE2A}.Release|Any CPU.ActiveCfg = Release|Any CPU
		{C1EFD10E-1714-4750-A19B-936D6473BE2A}.Release|Any CPU.Build.0 = Release|Any CPU
		{C1EFD10E-1714-4750-A19B-936D6473BE2A}.Release|iPhone.ActiveCfg = Release|Any CPU
		{C1EFD10E-1714-4750-A19B-936D6473BE2A}.Release|iPhone.Build.0 = Release|Any CPU
		{C1EFD10E-1714-4750-A19B-936D6473BE2A}.Release|iPhoneSimulator.ActiveCfg = Release|Any CPU
		{C1EFD10E-1714-4750-A19B-936D6473BE2A}.Release|iPhoneSimulator.Build.0 = Release|Any CPU
		{D11FCE97-2C5C-4C22-90AD-810B2B3FEDAE}.Ad-Hoc|iPhone.ActiveCfg = Release|Any CPU
		{D11FCE97-2C5C-4C22-90AD-810B2B3FEDAE}.Ad-Hoc|iPhone.Build.0 = Release|Any CPU
		{D11FCE97-2C5C-4C22-90AD-810B2B3FEDAE}.AppStore|iPhone.ActiveCfg = Release|Any CPU
		{D11FCE97-2C5C-4C22-90AD-810B2B3FEDAE}.AppStore|iPhone.Build.0 = Release|Any CPU
		{D11FCE97-2C5C-4C22-90AD-810B2B3FEDAE}.Debug|Any CPU.ActiveCfg = Debug|Any CPU
		{D11FCE97-2C5C-4C22-90AD-810B2B3FEDAE}.Debug|Any CPU.Build.0 = Debug|Any CPU
		{D11FCE97-2C5C-4C22-90AD-810B2B3FEDAE}.Debug|iPhone.ActiveCfg = Debug|Any CPU
		{D11FCE97-2C5C-4C22-90AD-810B2B3FEDAE}.Debug|iPhone.Build.0 = Debug|Any CPU
		{D11FCE97-2C5C-4C22-90AD-810B2B3FEDAE}.Debug|iPhoneSimulator.ActiveCfg = Debug|Any CPU
		{D11FCE97-2C5C-4C22-90AD-810B2B3FEDAE}.Debug|iPhoneSimulator.Build.0 = Debug|Any CPU
		{D11FCE97-2C5C-4C22-90AD-810B2B3FEDAE}.Release|Any CPU.ActiveCfg = Release|Any CPU
		{D11FCE97-2C5C-4C22-90AD-810B2B3FEDAE}.Release|Any CPU.Build.0 = Release|Any CPU
		{D11FCE97-2C5C-4C22-90AD-810B2B3FEDAE}.Release|iPhone.ActiveCfg = Release|Any CPU
		{D11FCE97-2C5C-4C22-90AD-810B2B3FEDAE}.Release|iPhone.Build.0 = Release|Any CPU
		{D11FCE97-2C5C-4C22-90AD-810B2B3FEDAE}.Release|iPhoneSimulator.ActiveCfg = Release|Any CPU
		{D11FCE97-2C5C-4C22-90AD-810B2B3FEDAE}.Release|iPhoneSimulator.Build.0 = Release|Any CPU
	EndGlobalSection
EndGlobal
